
Microsoft Visual Studio Solution File, Format Version 12.00
# Visual Studio 15
VisualStudioVersion = 15.0.28307.539
MinimumVisualStudioVersion = 10.0.40219.1
Project("{FAE04EC0-301F-11D3-BF4B-00C04F79EFBC}") = "FrontlineMaidBot", "FrontlineMaidBot\FrontlineMaidBot.csproj", "{8578DB4A-3AD5-4470-882B-DBAFC6E6D425}"
EndProject
Global
	GlobalSection(SolutionConfigurationPlatforms) = preSolution
		Debug|Any CPU = Debug|Any CPU
		Release|Any CPU = Release|Any CPU
	EndGlobalSection
	GlobalSection(ProjectConfigurationPlatforms) = postSolution
		{8578DB4A-3AD5-4470-882B-DBAFC6E6D425}.Debug|Any CPU.ActiveCfg = Debug|Any CPU
		{8578DB4A-3AD5-4470-882B-DBAFC6E6D425}.Debug|Any CPU.Build.0 = Debug|Any CPU
		{8578DB4A-3AD5-4470-882B-DBAFC6E6D425}.Release|Any CPU.ActiveCfg = Release|Any CPU
		{8578DB4A-3AD5-4470-882B-DBAFC6E6D425}.Release|Any CPU.Build.0 = Release|Any CPU
	EndGlobalSection
	GlobalSection(SolutionProperties) = preSolution
		HideSolutionNode = FALSE
	EndGlobalSection
	GlobalSection(ExtensibilityGlobals) = postSolution
		SolutionGuid = {DFD14664-0614-4E3D-AFC4-E7670D6D4457}
	EndGlobalSection
EndGlobal
